
Microsoft Visual Studio Solution File, Format Version 12.00
# Visual Studio Version 16
VisualStudioVersion = 16.0.30011.22
MinimumVisualStudioVersion = 10.0.40219.1
Project("{FAE04EC0-301F-11D3-BF4B-00C04F79EFBC}") = "Azure trigger function", "Azure trigger function\Azure trigger function.csproj", "{ED34EDF4-6796-4A56-A513-6204D09F174E}"
EndProject
Global
	GlobalSection(SolutionConfigurationPlatforms) = preSolution
		Debug|Any CPU = Debug|Any CPU
		Release|Any CPU = Release|Any CPU
	EndGlobalSection
	GlobalSection(ProjectConfigurationPlatforms) = postSolution
		{ED34EDF4-6796-4A56-A513-6204D09F174E}.Debug|Any CPU.ActiveCfg = Debug|Any CPU
		{ED34EDF4-6796-4A56-A513-6204D09F174E}.Debug|Any CPU.Build.0 = Debug|Any CPU
		{ED34EDF4-6796-4A56-A513-6204D09F174E}.Release|Any CPU.ActiveCfg = Release|Any CPU
		{ED34EDF4-6796-4A56-A513-6204D09F174E}.Release|Any CPU.Build.0 = Release|Any CPU
	EndGlobalSection
	GlobalSection(SolutionProperties) = preSolution
		HideSolutionNode = FALSE
	EndGlobalSection
	GlobalSection(ExtensibilityGlobals) = postSolution
		SolutionGuid = {4D500AB8-5561-418D-887A-7C05B938240A}
	EndGlobalSection
EndGlobal
